// !$*UTF8*$!
{
	archiveVersion = 1;
	classes = {
	};
	objectVersion = 46;
	objects = {

/* Begin PBXBuildFile section */
		779CEA0A183E00080012F083 /* FilterswithParametersViewController.m in Sources */ = {isa = PBXBuildFile; fileRef = 779CEA08183E00080012F083 /* FilterswithParametersViewController.m */; };
		779CEA0B183E00080012F083 /* FilterswithParametersViewController.xib in Resources */ = {isa = PBXBuildFile; fileRef = 779CEA09183E00080012F083 /* FilterswithParametersViewController.xib */; };
		779E3681183B0CC6000A603F /* Foundation.framework in Frameworks */ = {isa = PBXBuildFile; fileRef = 779E3680183B0CC6000A603F /* Foundation.framework */; };
		779E3683183B0CC6000A603F /* CoreGraphics.framework in Frameworks */ = {isa = PBXBuildFile; fileRef = 779E3682183B0CC6000A603F /* CoreGraphics.framework */; };
		779E3685183B0CC6000A603F /* UIKit.framework in Frameworks */ = {isa = PBXBuildFile; fileRef = 779E3684183B0CC6000A603F /* UIKit.framework */; };
		779E368B183B0CC6000A603F /* InfoPlist.strings in Resources */ = {isa = PBXBuildFile; fileRef = 779E3689183B0CC6000A603F /* InfoPlist.strings */; };
		779E368D183B0CC6000A603F /* main.m in Sources */ = {isa = PBXBuildFile; fileRef = 779E368C183B0CC6000A603F /* main.m */; };
		779E3691183B0CC6000A603F /* AppDelegate.m in Sources */ = {isa = PBXBuildFile; fileRef = 779E3690183B0CC6000A603F /* AppDelegate.m */; };
		779E3693183B0CC7000A603F /* Images.xcassets in Resources */ = {isa = PBXBuildFile; fileRef = 779E3692183B0CC7000A603F /* Images.xcassets */; };
		779E369A183B0CC7000A603F /* XCTest.framework in Frameworks */ = {isa = PBXBuildFile; fileRef = 779E3699183B0CC7000A603F /* XCTest.framework */; };
		779E369B183B0CC7000A603F /* Foundation.framework in Frameworks */ = {isa = PBXBuildFile; fileRef = 779E3680183B0CC6000A603F /* Foundation.framework */; };
		779E369C183B0CC7000A603F /* UIKit.framework in Frameworks */ = {isa = PBXBuildFile; fileRef = 779E3684183B0CC6000A603F /* UIKit.framework */; };
		779E36A4183B0CC7000A603F /* InfoPlist.strings in Resources */ = {isa = PBXBuildFile; fileRef = 779E36A2183B0CC7000A603F /* InfoPlist.strings */; };
		779E36A6183B0CC7000A603F /* CoreImageTestTests.m in Sources */ = {isa = PBXBuildFile; fileRef = 779E36A5183B0CC7000A603F /* CoreImageTestTests.m */; };
		779E36B2183B0D1F000A603F /* ViewController.m in Sources */ = {isa = PBXBuildFile; fileRef = 779E36B0183B0D1F000A603F /* ViewController.m */; };
		779E36B3183B0D1F000A603F /* ViewController.xib in Resources */ = {isa = PBXBuildFile; fileRef = 779E36B1183B0D1F000A603F /* ViewController.xib */; };
		779E36B7183B10A0000A603F /* FaceDetectionViewController.m in Sources */ = {isa = PBXBuildFile; fileRef = 779E36B6183B10A0000A603F /* FaceDetectionViewController.m */; };
		779E36B9183B10F1000A603F /* QuartzCore.framework in Frameworks */ = {isa = PBXBuildFile; fileRef = 779E36B8183B10F1000A603F /* QuartzCore.framework */; };
		779E36BB183B10FC000A603F /* CoreImage.framework in Frameworks */ = {isa = PBXBuildFile; fileRef = 779E36BA183B10FC000A603F /* CoreImage.framework */; };
		779E36BD183B17E2000A603F /* steves.jpg in Resources */ = {isa = PBXBuildFile; fileRef = 779E36BC183B17E2000A603F /* steves.jpg */; };
		77B223BB183C492F00FB49B1 /* ImageFilters.m in Sources */ = {isa = PBXBuildFile; fileRef = 77B223BA183C492F00FB49B1 /* ImageFilters.m */; };
		77B223BE183C693A00FB49B1 /* images.jpeg in Resources */ = {isa = PBXBuildFile; fileRef = 77B223BC183C693A00FB49B1 /* images.jpeg */; };
		77B223C1183C7FC000FB49B1 /* RedEye.jpg in Resources */ = {isa = PBXBuildFile; fileRef = 77B223C0183C7FC000FB49B1 /* RedEye.jpg */; };
		77B223C7183C8EC100FB49B1 /* QueringFiltersViewController.m in Sources */ = {isa = PBXBuildFile; fileRef = 77B223C5183C8EC100FB49B1 /* QueringFiltersViewController.m */; };
		77B223C8183C8EC100FB49B1 /* QueringFiltersViewController.xib in Resources */ = {isa = PBXBuildFile; fileRef = 77B223C6183C8EC100FB49B1 /* QueringFiltersViewController.xib */; };
		77B223CA183CC31A00FB49B1 /* Scarlett Johansson.jpg in Resources */ = {isa = PBXBuildFile; fileRef = 77B223C9183CC31A00FB49B1 /* Scarlett Johansson.jpg */; };
		77B223CC183CC7A600FB49B1 /* images1.jpeg in Resources */ = {isa = PBXBuildFile; fileRef = 77B223CB183CC7A600FB49B1 /* images1.jpeg */; };
		77B468A518A9B893007836A2 /* BottomBarView.m in Sources */ = {isa = PBXBuildFile; fileRef = 77B4689E18A9B893007836A2 /* BottomBarView.m */; };
		77B468A618A9B893007836A2 /* BottomBarView_iPhone.xib in Resources */ = {isa = PBXBuildFile; fileRef = 77B4689F18A9B893007836A2 /* BottomBarView_iPhone.xib */; };
		77B468A718A9B893007836A2 /* FakeNavigationBar.m in Sources */ = {isa = PBXBuildFile; fileRef = 77B468A218A9B893007836A2 /* FakeNavigationBar.m */; };
		77B468A818A9B893007836A2 /* FakeNavigationBar_iPad.xib in Resources */ = {isa = PBXBuildFile; fileRef = 77B468A318A9B893007836A2 /* FakeNavigationBar_iPad.xib */; };
		77B468A918A9B893007836A2 /* FakeNavigationBar_iPhone.xib in Resources */ = {isa = PBXBuildFile; fileRef = 77B468A418A9B893007836A2 /* FakeNavigationBar_iPhone.xib */; };
		77B468BC18A9C71B007836A2 /* iphone-main_icon_1999.png in Resources */ = {isa = PBXBuildFile; fileRef = 77B468AB18A9C71B007836A2 /* iphone-main_icon_1999.png */; };
		77B468BD18A9C71B007836A2 /* iphone-main_icon_camera.png in Resources */ = {isa = PBXBuildFile; fileRef = 77B468AC18A9C71B007836A2 /* iphone-main_icon_camera.png */; };
		77B468BE18A9C71B007836A2 /* iphone-main_icon_event.png in Resources */ = {isa = PBXBuildFile; fileRef = 77B468AD18A9C71B007836A2 /* iphone-main_icon_event.png */; };
		77B468BF18A9C71B007836A2 /* iphone-main_icon_map.png in Resources */ = {isa = PBXBuildFile; fileRef = 77B468AE18A9C71B007836A2 /* iphone-main_icon_map.png */; };
		77B468C018A9C71B007836A2 /* iphone-main_icon_setting.png in Resources */ = {isa = PBXBuildFile; fileRef = 77B468AF18A9C71B007836A2 /* iphone-main_icon_setting.png */; };
		77B468C118A9C71B007836A2 /* iphone-main_icon_traffic.png in Resources */ = {isa = PBXBuildFile; fileRef = 77B468B018A9C71B007836A2 /* iphone-main_icon_traffic.png */; };
		77B468C218A9C71B007836A2 /* iphone_icon_disaster.png in Resources */ = {isa = PBXBuildFile; fileRef = 77B468B118A9C71B007836A2 /* iphone_icon_disaster.png */; };
		77B468C318A9C71B007836A2 /* iphone_icon_faq.png in Resources */ = {isa = PBXBuildFile; fileRef = 77B468B218A9C71B007836A2 /* iphone_icon_faq.png */; };
		77B468C418A9C71B007836A2 /* iphone_icon_mail.png in Resources */ = {isa = PBXBuildFile; fileRef = 77B468B318A9C71B007836A2 /* iphone_icon_mail.png */; };
		77B468C518A9C71B007836A2 /* iphone_icon_news.png in Resources */ = {isa = PBXBuildFile; fileRef = 77B468B418A9C71B007836A2 /* iphone_icon_news.png */; };
		77B468C618A9C71B007836A2 /* iphone_icon_report.png in Resources */ = {isa = PBXBuildFile; fileRef = 77B468B518A9C71B007836A2 /* iphone_icon_report.png */; };
		77B468C718A9C71B007836A2 /* iphone_icon_towaway.png in Resources */ = {isa = PBXBuildFile; fileRef = 77B468B618A9C71B007836A2 /* iphone_icon_towaway.png */; };
		77B468C818A9C71B007836A2 /* main_bottombar.png in Resources */ = {isa = PBXBuildFile; fileRef = 77B468B718A9C71B007836A2 /* main_bottombar.png */; };
		77B468C918A9C71B007836A2 /* main_icon_1999.png in Resources */ = {isa = PBXBuildFile; fileRef = 77B468B818A9C71B007836A2 /* main_icon_1999.png */; };
		77B468CA18A9C71B007836A2 /* main_icon_camera.png in Resources */ = {isa = PBXBuildFile; fileRef = 77B468B918A9C71B007836A2 /* main_icon_camera.png */; };
		77B468CB18A9C71B007836A2 /* main_icon_map.png in Resources */ = {isa = PBXBuildFile; fileRef = 77B468BA18A9C71B007836A2 /* main_icon_map.png */; };
		77B468CC18A9C71B007836A2 /* main_icon_setting.png in Resources */ = {isa = PBXBuildFile; fileRef = 77B468BB18A9C71B007836A2 /* main_icon_setting.png */; };
		77B468E318A9C77D007836A2 /* iphone_icon_back.png in Resources */ = {isa = PBXBuildFile; fileRef = 77B468CE18A9C77D007836A2 /* iphone_icon_back.png */; };
		77B468E418A9C77D007836A2 /* iphone_icon_menu.png in Resources */ = {isa = PBXBuildFile; fileRef = 77B468CF18A9C77D007836A2 /* iphone_icon_menu.png */; };
		77B468E518A9C77D007836A2 /* iphone_title_camera.png in Resources */ = {isa = PBXBuildFile; fileRef = 77B468D018A9C77D007836A2 /* iphone_title_camera.png */; };
		77B468E618A9C77D007836A2 /* iphone_title_disaster.png in Resources */ = {isa = PBXBuildFile; fileRef = 77B468D118A9C77D007836A2 /* iphone_title_disaster.png */; };
		77B468E718A9C77D007836A2 /* iphone_title_faq.png in Resources */ = {isa = PBXBuildFile; fileRef = 77B468D218A9C77D007836A2 /* iphone_title_faq.png */; };
		77B468E818A9C77D007836A2 /* iphone_title_mail.png in Resources */ = {isa = PBXBuildFile; fileRef = 77B468D318A9C77D007836A2 /* iphone_title_mail.png */; };
		77B468E918A9C77D007836A2 /* iphone_title_mailreply.png in Resources */ = {isa = PBXBuildFile; fileRef = 77B468D418A9C77D007836A2 /* iphone_title_mailreply.png */; };
		77B468EA18A9C77D007836A2 /* iphone_title_mailtomayor.png in Resources */ = {isa = PBXBuildFile; fileRef = 77B468D518A9C77D007836A2 /* iphone_title_mailtomayor.png */; };
		77B468EB18A9C77D007836A2 /* iphone_title_map.png in Resources */ = {isa = PBXBuildFile; fileRef = 77B468D618A9C77D007836A2 /* iphone_title_map.png */; };
		77B468EC18A9C77D007836A2 /* iphone_title_news.png in Resources */ = {isa = PBXBuildFile; fileRef = 77B468D718A9C77D007836A2 /* iphone_title_news.png */; };
		77B468ED18A9C77D007836A2 /* iphone_title_parking_fee.png in Resources */ = {isa = PBXBuildFile; fileRef = 77B468D818A9C77D007836A2 /* iphone_title_parking_fee.png */; };
		77B468EE18A9C77D007836A2 /* iphone_title_parkinginfo.png in Resources */ = {isa = PBXBuildFile; fileRef = 77B468D918A9C77D007836A2 /* iphone_title_parkinginfo.png */; };
		77B468EF18A9C77D007836A2 /* iphone_title_personalsetting.png in Resources */ = {isa = PBXBuildFile; fileRef = 77B468DA18A9C77D007836A2 /* iphone_title_personalsetting.png */; };
		77B468F018A9C77D007836A2 /* iphone_title_privacypolicy.png in Resources */ = {isa = PBXBuildFile; fileRef = 77B468DB18A9C77D007836A2 /* iphone_title_privacypolicy.png */; };
		77B468F118A9C77D007836A2 /* iphone_title_report.png in Resources */ = {isa = PBXBuildFile; fileRef = 77B468DC18A9C77D007836A2 /* iphone_title_report.png */; };
		77B468F218A9C77D007836A2 /* iphone_title_rule.png in Resources */ = {isa = PBXBuildFile; fileRef = 77B468DD18A9C77D007836A2 /* iphone_title_rule.png */; };
		77B468F318A9C77D007836A2 /* iphone_title_setting.png in Resources */ = {isa = PBXBuildFile; fileRef = 77B468DE18A9C77D007836A2 /* iphone_title_setting.png */; };
		77B468F418A9C77D007836A2 /* iphone_title_towaway.png in Resources */ = {isa = PBXBuildFile; fileRef = 77B468DF18A9C77D007836A2 /* iphone_title_towaway.png */; };
		77B468F518A9C77D007836A2 /* iphone_title_towed.png in Resources */ = {isa = PBXBuildFile; fileRef = 77B468E018A9C77D007836A2 /* iphone_title_towed.png */; };
		77B468F618A9C77D007836A2 /* iphone_title_workingreport.png in Resources */ = {isa = PBXBuildFile; fileRef = 77B468E118A9C77D007836A2 /* iphone_title_workingreport.png */; };
		77B468F718A9C77D007836A2 /* iphone_top_bar.png in Resources */ = {isa = PBXBuildFile; fileRef = 77B468E218A9C77D007836A2 /* iphone_top_bar.png */; };
		77ED9D20183B46F1003BAAB5 /* ian1.png in Resources */ = {isa = PBXBuildFile; fileRef = 77ED9D1F183B46F1003BAAB5 /* ian1.png */; };
		77ED9D29183B64DB003BAAB5 /* AutoFiltersViewController.m in Sources */ = {isa = PBXBuildFile; fileRef = 77ED9D27183B64DB003BAAB5 /* AutoFiltersViewController.m */; };
		77ED9D2A183B64DB003BAAB5 /* AutoFiltersViewController.xib in Resources */ = {isa = PBXBuildFile; fileRef = 77ED9D28183B64DB003BAAB5 /* AutoFiltersViewController.xib */; };
/* End PBXBuildFile section */

/* Begin PBXContainerItemProxy section */
		779E369D183B0CC7000A603F /* PBXContainerItemProxy */ = {
			isa = PBXContainerItemProxy;
			containerPortal = 779E3675183B0CC6000A603F /* Project object */;
			proxyType = 1;
			remoteGlobalIDString = 779E367C183B0CC6000A603F;
			remoteInfo = CoreImageTest;
		};
/* End PBXContainerItemProxy section */

/* Begin PBXFileReference section */
		779CEA07183E00080012F083 /* FilterswithParametersViewController.h */ = {isa = PBXFileReference; fileEncoding = 4; lastKnownFileType = sourcecode.c.h; path = FilterswithParametersViewController.h; sourceTree = "<group>"; };
		779CEA08183E00080012F083 /* FilterswithParametersViewController.m */ = {isa = PBXFileReference; fileEncoding = 4; lastKnownFileType = sourcecode.c.objc; path = FilterswithParametersViewController.m; sourceTree = "<group>"; };
		779CEA09183E00080012F083 /* FilterswithParametersViewController.xib */ = {isa = PBXFileReference; fileEncoding = 4; lastKnownFileType = file.xib; path = FilterswithParametersViewController.xib; sourceTree = "<group>"; };
		779E367D183B0CC6000A603F /* CoreImageTest.app */ = {isa = PBXFileReference; explicitFileType = wrapper.application; includeInIndex = 0; path = CoreImageTest.app; sourceTree = BUILT_PRODUCTS_DIR; };
		779E3680183B0CC6000A603F /* Foundation.framework */ = {isa = PBXFileReference; lastKnownFileType = wrapper.framework; name = Foundation.framework; path = System/Library/Frameworks/Foundation.framework; sourceTree = SDKROOT; };
		779E3682183B0CC6000A603F /* CoreGraphics.framework */ = {isa = PBXFileReference; lastKnownFileType = wrapper.framework; name = CoreGraphics.framework; path = System/Library/Frameworks/CoreGraphics.framework; sourceTree = SDKROOT; };
		779E3684183B0CC6000A603F /* UIKit.framework */ = {isa = PBXFileReference; lastKnownFileType = wrapper.framework; name = UIKit.framework; path = System/Library/Frameworks/UIKit.framework; sourceTree = SDKROOT; };
		779E3688183B0CC6000A603F /* CoreImageTest-Info.plist */ = {isa = PBXFileReference; lastKnownFileType = text.plist.xml; path = "CoreImageTest-Info.plist"; sourceTree = "<group>"; };
		779E368A183B0CC6000A603F /* en */ = {isa = PBXFileReference; lastKnownFileType = text.plist.strings; name = en; path = en.lproj/InfoPlist.strings; sourceTree = "<group>"; };
		779E368C183B0CC6000A603F /* main.m */ = {isa = PBXFileReference; lastKnownFileType = sourcecode.c.objc; path = main.m; sourceTree = "<group>"; };
		779E368E183B0CC6000A603F /* CoreImageTest-Prefix.pch */ = {isa = PBXFileReference; lastKnownFileType = sourcecode.c.h; path = "CoreImageTest-Prefix.pch"; sourceTree = "<group>"; };
		779E368F183B0CC6000A603F /* AppDelegate.h */ = {isa = PBXFileReference; lastKnownFileType = sourcecode.c.h; path = AppDelegate.h; sourceTree = "<group>"; };
		779E3690183B0CC6000A603F /* AppDelegate.m */ = {isa = PBXFileReference; lastKnownFileType = sourcecode.c.objc; path = AppDelegate.m; sourceTree = "<group>"; };
		779E3692183B0CC7000A603F /* Images.xcassets */ = {isa = PBXFileReference; lastKnownFileType = folder.assetcatalog; path = Images.xcassets; sourceTree = "<group>"; };
		779E3698183B0CC7000A603F /* CoreImageTestTests.xctest */ = {isa = PBXFileReference; explicitFileType = wrapper.cfbundle; includeInIndex = 0; path = CoreImageTestTests.xctest; sourceTree = BUILT_PRODUCTS_DIR; };
		779E3699183B0CC7000A603F /* XCTest.framework */ = {isa = PBXFileReference; lastKnownFileType = wrapper.framework; name = XCTest.framework; path = Library/Frameworks/XCTest.framework; sourceTree = DEVELOPER_DIR; };
		779E36A1183B0CC7000A603F /* CoreImageTestTests-Info.plist */ = {isa = PBXFileReference; lastKnownFileType = text.plist.xml; path = "CoreImageTestTests-Info.plist"; sourceTree = "<group>"; };
		779E36A3183B0CC7000A603F /* en */ = {isa = PBXFileReference; lastKnownFileType = text.plist.strings; name = en; path = en.lproj/InfoPlist.strings; sourceTree = "<group>"; };
		779E36A5183B0CC7000A603F /* CoreImageTestTests.m */ = {isa = PBXFileReference; lastKnownFileType = sourcecode.c.objc; path = CoreImageTestTests.m; sourceTree = "<group>"; };
		779E36AF183B0D1F000A603F /* ViewController.h */ = {isa = PBXFileReference; fileEncoding = 4; lastKnownFileType = sourcecode.c.h; path = ViewController.h; sourceTree = "<group>"; };
		779E36B0183B0D1F000A603F /* ViewController.m */ = {isa = PBXFileReference; fileEncoding = 4; lastKnownFileType = sourcecode.c.objc; path = ViewController.m; sourceTree = "<group>"; };
		779E36B1183B0D1F000A603F /* ViewController.xib */ = {isa = PBXFileReference; fileEncoding = 4; lastKnownFileType = file.xib; path = ViewController.xib; sourceTree = "<group>"; };
		779E36B5183B10A0000A603F /* FaceDetectionViewController.h */ = {isa = PBXFileReference; fileEncoding = 4; lastKnownFileType = sourcecode.c.h; path = FaceDetectionViewController.h; sourceTree = "<group>"; };
		779E36B6183B10A0000A603F /* FaceDetectionViewController.m */ = {isa = PBXFileReference; fileEncoding = 4; lastKnownFileType = sourcecode.c.objc; path = FaceDetectionViewController.m; sourceTree = "<group>"; };
		779E36B8183B10F1000A603F /* QuartzCore.framework */ = {isa = PBXFileReference; lastKnownFileType = wrapper.framework; name = QuartzCore.framework; path = System/Library/Frameworks/QuartzCore.framework; sourceTree = SDKROOT; };
		779E36BA183B10FC000A603F /* CoreImage.framework */ = {isa = PBXFileReference; lastKnownFileType = wrapper.framework; name = CoreImage.framework; path = System/Library/Frameworks/CoreImage.framework; sourceTree = SDKROOT; };
		779E36BC183B17E2000A603F /* steves.jpg */ = {isa = PBXFileReference; lastKnownFileType = image.jpeg; path = steves.jpg; sourceTree = "<group>"; };
		77B223B9183C492F00FB49B1 /* ImageFilters.h */ = {isa = PBXFileReference; fileEncoding = 4; lastKnownFileType = sourcecode.c.h; path = ImageFilters.h; sourceTree = "<group>"; };
		77B223BA183C492F00FB49B1 /* ImageFilters.m */ = {isa = PBXFileReference; fileEncoding = 4; lastKnownFileType = sourcecode.c.objc; path = ImageFilters.m; sourceTree = "<group>"; };
		77B223BC183C693A00FB49B1 /* images.jpeg */ = {isa = PBXFileReference; lastKnownFileType = image.jpeg; path = images.jpeg; sourceTree = "<group>"; };
		77B223C0183C7FC000FB49B1 /* RedEye.jpg */ = {isa = PBXFileReference; lastKnownFileType = image.jpeg; path = RedEye.jpg; sourceTree = "<group>"; };
		77B223C4183C8EC100FB49B1 /* QueringFiltersViewController.h */ = {isa = PBXFileReference; fileEncoding = 4; lastKnownFileType = sourcecode.c.h; path = QueringFiltersViewController.h; sourceTree = "<group>"; };
		77B223C5183C8EC100FB49B1 /* QueringFiltersViewController.m */ = {isa = PBXFileReference; fileEncoding = 4; lastKnownFileType = sourcecode.c.objc; path = QueringFiltersViewController.m; sourceTree = "<group>"; };
		77B223C6183C8EC100FB49B1 /* QueringFiltersViewController.xib */ = {isa = PBXFileReference; fileEncoding = 4; lastKnownFileType = file.xib; path = QueringFiltersViewController.xib; sourceTree = "<group>"; };
		77B223C9183CC31A00FB49B1 /* Scarlett Johansson.jpg */ = {isa = PBXFileReference; lastKnownFileType = image.jpeg; path = "Scarlett Johansson.jpg"; sourceTree = "<group>"; };
		77B223CB183CC7A600FB49B1 /* images1.jpeg */ = {isa = PBXFileReference; lastKnownFileType = image.jpeg; path = images1.jpeg; sourceTree = "<group>"; };
		77B4689D18A9B893007836A2 /* BottomBarView.h */ = {isa = PBXFileReference; fileEncoding = 4; lastKnownFileType = sourcecode.c.h; path = BottomBarView.h; sourceTree = "<group>"; };
		77B4689E18A9B893007836A2 /* BottomBarView.m */ = {isa = PBXFileReference; fileEncoding = 4; lastKnownFileType = sourcecode.c.objc; path = BottomBarView.m; sourceTree = "<group>"; };
		77B4689F18A9B893007836A2 /* BottomBarView_iPhone.xib */ = {isa = PBXFileReference; fileEncoding = 4; lastKnownFileType = file.xib; path = BottomBarView_iPhone.xib; sourceTree = "<group>"; };
		77B468A118A9B893007836A2 /* FakeNavigationBar.h */ = {isa = PBXFileReference; fileEncoding = 4; lastKnownFileType = sourcecode.c.h; path = FakeNavigationBar.h; sourceTree = "<group>"; };
		77B468A218A9B893007836A2 /* FakeNavigationBar.m */ = {isa = PBXFileReference; fileEncoding = 4; lastKnownFileType = sourcecode.c.objc; path = FakeNavigationBar.m; sourceTree = "<group>"; };
		77B468A318A9B893007836A2 /* FakeNavigationBar_iPad.xib */ = {isa = PBXFileReference; fileEncoding = 4; lastKnownFileType = file.xib; path = FakeNavigationBar_iPad.xib; sourceTree = "<group>"; };
		77B468A418A9B893007836A2 /* FakeNavigationBar_iPhone.xib */ = {isa = PBXFileReference; fileEncoding = 4; lastKnownFileType = file.xib; path = FakeNavigationBar_iPhone.xib; sourceTree = "<group>"; };
		77B468AB18A9C71B007836A2 /* iphone-main_icon_1999.png */ = {isa = PBXFileReference; lastKnownFileType = image.png; path = "iphone-main_icon_1999.png"; sourceTree = "<group>"; };
		77B468AC18A9C71B007836A2 /* iphone-main_icon_camera.png */ = {isa = PBXFileReference; lastKnownFileType = image.png; path = "iphone-main_icon_camera.png"; sourceTree = "<group>"; };
		77B468AD18A9C71B007836A2 /* iphone-main_icon_event.png */ = {isa = PBXFileReference; lastKnownFileType = image.png; path = "iphone-main_icon_event.png"; sourceTree = "<group>"; };
		77B468AE18A9C71B007836A2 /* iphone-main_icon_map.png */ = {isa = PBXFileReference; lastKnownFileType = image.png; path = "iphone-main_icon_map.png"; sourceTree = "<group>"; };
		77B468AF18A9C71B007836A2 /* iphone-main_icon_setting.png */ = {isa = PBXFileReference; lastKnownFileType = image.png; path = "iphone-main_icon_setting.png"; sourceTree = "<group>"; };
		77B468B018A9C71B007836A2 /* iphone-main_icon_traffic.png */ = {isa = PBXFileReference; lastKnownFileType = image.png; path = "iphone-main_icon_traffic.png"; sourceTree = "<group>"; };
		77B468B118A9C71B007836A2 /* iphone_icon_disaster.png */ = {isa = PBXFileReference; lastKnownFileType = image.png; path = iphone_icon_disaster.png; sourceTree = "<group>"; };
		77B468B218A9C71B007836A2 /* iphone_icon_faq.png */ = {isa = PBXFileReference; lastKnownFileType = image.png; path = iphone_icon_faq.png; sourceTree = "<group>"; };
		77B468B318A9C71B007836A2 /* iphone_icon_mail.png */ = {isa = PBXFileReference; lastKnownFileType = image.png; path = iphone_icon_mail.png; sourceTree = "<group>"; };
		77B468B418A9C71B007836A2 /* iphone_icon_news.png */ = {isa = PBXFileReference; lastKnownFileType = image.png; path = iphone_icon_news.png; sourceTree = "<group>"; };
		77B468B518A9C71B007836A2 /* iphone_icon_report.png */ = {isa = PBXFileReference; lastKnownFileType = image.png; path = iphone_icon_report.png; sourceTree = "<group>"; };
		77B468B618A9C71B007836A2 /* iphone_icon_towaway.png */ = {isa = PBXFileReference; lastKnownFileType = image.png; path = iphone_icon_towaway.png; sourceTree = "<group>"; };
		77B468B718A9C71B007836A2 /* main_bottombar.png */ = {isa = PBXFileReference; lastKnownFileType = image.png; path = main_bottombar.png; sourceTree = "<group>"; };
		77B468B818A9C71B007836A2 /* main_icon_1999.png */ = {isa = PBXFileReference; lastKnownFileType = image.png; path = main_icon_1999.png; sourceTree = "<group>"; };
		77B468B918A9C71B007836A2 /* main_icon_camera.png */ = {isa = PBXFileReference; lastKnownFileType = image.png; path = main_icon_camera.png; sourceTree = "<group>"; };
		77B468BA18A9C71B007836A2 /* main_icon_map.png */ = {isa = PBXFileReference; lastKnownFileType = image.png; path = main_icon_map.png; sourceTree = "<group>"; };
		77B468BB18A9C71B007836A2 /* main_icon_setting.png */ = {isa = PBXFileReference; lastKnownFileType = image.png; path = main_icon_setting.png; sourceTree = "<group>"; };
		77B468CE18A9C77D007836A2 /* iphone_icon_back.png */ = {isa = PBXFileReference; lastKnownFileType = image.png; path = iphone_icon_back.png; sourceTree = "<group>"; };
		77B468CF18A9C77D007836A2 /* iphone_icon_menu.png */ = {isa = PBXFileReference; lastKnownFileType = image.png; path = iphone_icon_menu.png; sourceTree = "<group>"; };
		77B468D018A9C77D007836A2 /* iphone_title_camera.png */ = {isa = PBXFileReference; lastKnownFileType = image.png; path = iphone_title_camera.png; sourceTree = "<group>"; };
		77B468D118A9C77D007836A2 /* iphone_title_disaster.png */ = {isa = PBXFileReference; lastKnownFileType = image.png; path = iphone_title_disaster.png; sourceTree = "<group>"; };
		77B468D218A9C77D007836A2 /* iphone_title_faq.png */ = {isa = PBXFileReference; lastKnownFileType = image.png; path = iphone_title_faq.png; sourceTree = "<group>"; };
		77B468D318A9C77D007836A2 /* iphone_title_mail.png */ = {isa = PBXFileReference; lastKnownFileType = image.png; path = iphone_title_mail.png; sourceTree = "<group>"; };
		77B468D418A9C77D007836A2 /* iphone_title_mailreply.png */ = {isa = PBXFileReference; lastKnownFileType = image.png; path = iphone_title_mailreply.png; sourceTree = "<group>"; };
		77B468D518A9C77D007836A2 /* iphone_title_mailtomayor.png */ = {isa = PBXFileReference; lastKnownFileType = image.png; path = iphone_title_mailtomayor.png; sourceTree = "<group>"; };
		77B468D618A9C77D007836A2 /* iphone_title_map.png */ = {isa = PBXFileReference; lastKnownFileType = image.png; path = iphone_title_map.png; sourceTree = "<group>"; };
		77B468D718A9C77D007836A2 /* iphone_title_news.png */ = {isa = PBXFileReference; lastKnownFileType = image.png; path = iphone_title_news.png; sourceTree = "<group>"; };
		77B468D818A9C77D007836A2 /* iphone_title_parking_fee.png */ = {isa = PBXFileReference; lastKnownFileType = image.png; path = iphone_title_parking_fee.png; sourceTree = "<group>"; };
		77B468D918A9C77D007836A2 /* iphone_title_parkinginfo.png */ = {isa = PBXFileReference; lastKnownFileType = image.png; path = iphone_title_parkinginfo.png; sourceTree = "<group>"; };
		77B468DA18A9C77D007836A2 /* iphone_title_personalsetting.png */ = {isa = PBXFileReference; lastKnownFileType = image.png; path = iphone_title_personalsetting.png; sourceTree = "<group>"; };
		77B468DB18A9C77D007836A2 /* iphone_title_privacypolicy.png */ = {isa = PBXFileReference; lastKnownFileType = image.png; path = iphone_title_privacypolicy.png; sourceTree = "<group>"; };
		77B468DC18A9C77D007836A2 /* iphone_title_report.png */ = {isa = PBXFileReference; lastKnownFileType = image.png; path = iphone_title_report.png; sourceTree = "<group>"; };
		77B468DD18A9C77D007836A2 /* iphone_title_rule.png */ = {isa = PBXFileReference; lastKnownFileType = image.png; path = iphone_title_rule.png; sourceTree = "<group>"; };
		77B468DE18A9C77D007836A2 /* iphone_title_setting.png */ = {isa = PBXFileReference; lastKnownFileType = image.png; path = iphone_title_setting.png; sourceTree = "<group>"; };
		77B468DF18A9C77D007836A2 /* iphone_title_towaway.png */ = {isa = PBXFileReference; lastKnownFileType = image.png; path = iphone_title_towaway.png; sourceTree = "<group>"; };
		77B468E018A9C77D007836A2 /* iphone_title_towed.png */ = {isa = PBXFileReference; lastKnownFileType = image.png; path = iphone_title_towed.png; sourceTree = "<group>"; };
		77B468E118A9C77D007836A2 /* iphone_title_workingreport.png */ = {isa = PBXFileReference; lastKnownFileType = image.png; path = iphone_title_workingreport.png; sourceTree = "<group>"; };
		77B468E218A9C77D007836A2 /* iphone_top_bar.png */ = {isa = PBXFileReference; lastKnownFileType = image.png; path = iphone_top_bar.png; sourceTree = "<group>"; };
		77ED9D1F183B46F1003BAAB5 /* ian1.png */ = {isa = PBXFileReference; lastKnownFileType = image.png; path = ian1.png; sourceTree = "<group>"; };
		77ED9D26183B64DB003BAAB5 /* AutoFiltersViewController.h */ = {isa = PBXFileReference; fileEncoding = 4; lastKnownFileType = sourcecode.c.h; path = AutoFiltersViewController.h; sourceTree = "<group>"; };
		77ED9D27183B64DB003BAAB5 /* AutoFiltersViewController.m */ = {isa = PBXFileReference; fileEncoding = 4; lastKnownFileType = sourcecode.c.objc; path = AutoFiltersViewController.m; sourceTree = "<group>"; };
		77ED9D28183B64DB003BAAB5 /* AutoFiltersViewController.xib */ = {isa = PBXFileReference; fileEncoding = 4; lastKnownFileType = file.xib; path = AutoFiltersViewController.xib; sourceTree = "<group>"; };
/* End PBXFileReference section */

/* Begin PBXFrameworksBuildPhase section */
		779E367A183B0CC6000A603F /* Frameworks */ = {
			isa = PBXFrameworksBuildPhase;
			buildActionMask = 2147483647;
			files = (
				779E36BB183B10FC000A603F /* CoreImage.framework in Frameworks */,
				779E36B9183B10F1000A603F /* QuartzCore.framework in Frameworks */,
				779E3683183B0CC6000A603F /* CoreGraphics.framework in Frameworks */,
				779E3685183B0CC6000A603F /* UIKit.framework in Frameworks */,
				779E3681183B0CC6000A603F /* Foundation.framework in Frameworks */,
			);
			runOnlyForDeploymentPostprocessing = 0;
		};
		779E3695183B0CC7000A603F /* Frameworks */ = {
			isa = PBXFrameworksBuildPhase;
			buildActionMask = 2147483647;
			files = (
				779E369A183B0CC7000A603F /* XCTest.framework in Frameworks */,
				779E369C183B0CC7000A603F /* UIKit.framework in Frameworks */,
				779E369B183B0CC7000A603F /* Foundation.framework in Frameworks */,
			);
			runOnlyForDeploymentPostprocessing = 0;
		};
/* End PBXFrameworksBuildPhase section */

/* Begin PBXGroup section */
		779E3674183B0CC6000A603F = {
			isa = PBXGroup;
			children = (
				779E3686183B0CC6000A603F /* CoreImageTest */,
				779E369F183B0CC7000A603F /* CoreImageTestTests */,
				779E367F183B0CC6000A603F /* Frameworks */,
				779E367E183B0CC6000A603F /* Products */,
			);
			sourceTree = "<group>";
		};
		779E367E183B0CC6000A603F /* Products */ = {
			isa = PBXGroup;
			children = (
				779E367D183B0CC6000A603F /* CoreImageTest.app */,
				779E3698183B0CC7000A603F /* CoreImageTestTests.xctest */,
			);
			name = Products;
			sourceTree = "<group>";
		};
		779E367F183B0CC6000A603F /* Frameworks */ = {
			isa = PBXGroup;
			children = (
				779E36BA183B10FC000A603F /* CoreImage.framework */,
				779E36B8183B10F1000A603F /* QuartzCore.framework */,
				779E3680183B0CC6000A603F /* Foundation.framework */,
				779E3682183B0CC6000A603F /* CoreGraphics.framework */,
				779E3684183B0CC6000A603F /* UIKit.framework */,
				779E3699183B0CC7000A603F /* XCTest.framework */,
			);
			name = Frameworks;
			sourceTree = "<group>";
		};
		779E3686183B0CC6000A603F /* CoreImageTest */ = {
			isa = PBXGroup;
			children = (
				77B4689C18A9B893007836A2 /* BottomBar */,
				77B468A018A9B893007836A2 /* TopBar */,
				779E368F183B0CC6000A603F /* AppDelegate.h */,
				779E3690183B0CC6000A603F /* AppDelegate.m */,
				779E36AF183B0D1F000A603F /* ViewController.h */,
				779E36B0183B0D1F000A603F /* ViewController.m */,
				779E36B1183B0D1F000A603F /* ViewController.xib */,
				779E3692183B0CC7000A603F /* Images.xcassets */,
				779E3687183B0CC6000A603F /* Supporting Files */,
				779E36B5183B10A0000A603F /* FaceDetectionViewController.h */,
				779E36B6183B10A0000A603F /* FaceDetectionViewController.m */,
				77ED9D26183B64DB003BAAB5 /* AutoFiltersViewController.h */,
				77ED9D27183B64DB003BAAB5 /* AutoFiltersViewController.m */,
				77ED9D28183B64DB003BAAB5 /* AutoFiltersViewController.xib */,
				77B223B9183C492F00FB49B1 /* ImageFilters.h */,
				77B223BA183C492F00FB49B1 /* ImageFilters.m */,
				77B223C4183C8EC100FB49B1 /* QueringFiltersViewController.h */,
				77B223C5183C8EC100FB49B1 /* QueringFiltersViewController.m */,
				77B223C6183C8EC100FB49B1 /* QueringFiltersViewController.xib */,
				779CEA07183E00080012F083 /* FilterswithParametersViewController.h */,
				779CEA08183E00080012F083 /* FilterswithParametersViewController.m */,
				779CEA09183E00080012F083 /* FilterswithParametersViewController.xib */,
			);
			path = CoreImageTest;
			sourceTree = "<group>";
		};
		779E3687183B0CC6000A603F /* Supporting Files */ = {
			isa = PBXGroup;
			children = (
				77B468CD18A9C77D007836A2 /* Top Bar Icon */,
				77B468AA18A9C71B007836A2 /* Main Menu Icon */,
				77B223CB183CC7A600FB49B1 /* images1.jpeg */,
				77B223C9183CC31A00FB49B1 /* Scarlett Johansson.jpg */,
				77B223C0183C7FC000FB49B1 /* RedEye.jpg */,
				77B223BC183C693A00FB49B1 /* images.jpeg */,
				77ED9D1F183B46F1003BAAB5 /* ian1.png */,
				779E36BC183B17E2000A603F /* steves.jpg */,
				779E3688183B0CC6000A603F /* CoreImageTest-Info.plist */,
				779E3689183B0CC6000A603F /* InfoPlist.strings */,
				779E368C183B0CC6000A603F /* main.m */,
				779E368E183B0CC6000A603F /* CoreImageTest-Prefix.pch */,
			);
			name = "Supporting Files";
			sourceTree = "<group>";
		};
		779E369F183B0CC7000A603F /* CoreImageTestTests */ = {
			isa = PBXGroup;
			children = (
				779E36A5183B0CC7000A603F /* CoreImageTestTests.m */,
				779E36A0183B0CC7000A603F /* Supporting Files */,
			);
			path = CoreImageTestTests;
			sourceTree = "<group>";
		};
		779E36A0183B0CC7000A603F /* Supporting Files */ = {
			isa = PBXGroup;
			children = (
				779E36A1183B0CC7000A603F /* CoreImageTestTests-Info.plist */,
				779E36A2183B0CC7000A603F /* InfoPlist.strings */,
			);
			name = "Supporting Files";
			sourceTree = "<group>";
		};
		77B4689C18A9B893007836A2 /* BottomBar */ = {
			isa = PBXGroup;
			children = (
				77B4689D18A9B893007836A2 /* BottomBarView.h */,
				77B4689E18A9B893007836A2 /* BottomBarView.m */,
				77B4689F18A9B893007836A2 /* BottomBarView_iPhone.xib */,
			);
			path = BottomBar;
			sourceTree = "<group>";
		};
		77B468A018A9B893007836A2 /* TopBar */ = {
			isa = PBXGroup;
			children = (
				77B468A118A9B893007836A2 /* FakeNavigationBar.h */,
				77B468A218A9B893007836A2 /* FakeNavigationBar.m */,
				77B468A318A9B893007836A2 /* FakeNavigationBar_iPad.xib */,
				77B468A418A9B893007836A2 /* FakeNavigationBar_iPhone.xib */,
			);
			path = TopBar;
			sourceTree = "<group>";
		};
		77B468AA18A9C71B007836A2 /* Main Menu Icon */ = {
			isa = PBXGroup;
			children = (
				77B468AB18A9C71B007836A2 /* iphone-main_icon_1999.png */,
				77B468AC18A9C71B007836A2 /* iphone-main_icon_camera.png */,
				77B468AD18A9C71B007836A2 /* iphone-main_icon_event.png */,
				77B468AE18A9C71B007836A2 /* iphone-main_icon_map.png */,
				77B468AF18A9C71B007836A2 /* iphone-main_icon_setting.png */,
				77B468B018A9C71B007836A2 /* iphone-main_icon_traffic.png */,
				77B468B118A9C71B007836A2 /* iphone_icon_disaster.png */,
				77B468B218A9C71B007836A2 /* iphone_icon_faq.png */,
				77B468B318A9C71B007836A2 /* iphone_icon_mail.png */,
				77B468B418A9C71B007836A2 /* iphone_icon_news.png */,
				77B468B518A9C71B007836A2 /* iphone_icon_report.png */,
				77B468B618A9C71B007836A2 /* iphone_icon_towaway.png */,
				77B468B718A9C71B007836A2 /* main_bottombar.png */,
				77B468B818A9C71B007836A2 /* main_icon_1999.png */,
				77B468B918A9C71B007836A2 /* main_icon_camera.png */,
				77B468BA18A9C71B007836A2 /* main_icon_map.png */,
				77B468BB18A9C71B007836A2 /* main_icon_setting.png */,
			);
			path = "Main Menu Icon";
			sourceTree = "<group>";
		};
		77B468CD18A9C77D007836A2 /* Top Bar Icon */ = {
			isa = PBXGroup;
			children = (
				77B468CE18A9C77D007836A2 /* iphone_icon_back.png */,
				77B468CF18A9C77D007836A2 /* iphone_icon_menu.png */,
				77B468D018A9C77D007836A2 /* iphone_title_camera.png */,
				77B468D118A9C77D007836A2 /* iphone_title_disaster.png */,
				77B468D218A9C77D007836A2 /* iphone_title_faq.png */,
				77B468D318A9C77D007836A2 /* iphone_title_mail.png */,
				77B468D418A9C77D007836A2 /* iphone_title_mailreply.png */,
				77B468D518A9C77D007836A2 /* iphone_title_mailtomayor.png */,
				77B468D618A9C77D007836A2 /* iphone_title_map.png */,
				77B468D718A9C77D007836A2 /* iphone_title_news.png */,
				77B468D818A9C77D007836A2 /* iphone_title_parking_fee.png */,
				77B468D918A9C77D007836A2 /* iphone_title_parkinginfo.png */,
				77B468DA18A9C77D007836A2 /* iphone_title_personalsetting.png */,
				77B468DB18A9C77D007836A2 /* iphone_title_privacypolicy.png */,
				77B468DC18A9C77D007836A2 /* iphone_title_report.png */,
				77B468DD18A9C77D007836A2 /* iphone_title_rule.png */,
				77B468DE18A9C77D007836A2 /* iphone_title_setting.png */,
				77B468DF18A9C77D007836A2 /* iphone_title_towaway.png */,
				77B468E018A9C77D007836A2 /* iphone_title_towed.png */,
				77B468E118A9C77D007836A2 /* iphone_title_workingreport.png */,
				77B468E218A9C77D007836A2 /* iphone_top_bar.png */,
			);
			path = "Top Bar Icon";
			sourceTree = "<group>";
		};
/* End PBXGroup section */

/* Begin PBXNativeTarget section */
		779E367C183B0CC6000A603F /* CoreImageTest */ = {
			isa = PBXNativeTarget;
			buildConfigurationList = 779E36A9183B0CC7000A603F /* Build configuration list for PBXNativeTarget "CoreImageTest" */;
			buildPhases = (
				779E3679183B0CC6000A603F /* Sources */,
				779E367A183B0CC6000A603F /* Frameworks */,
				779E367B183B0CC6000A603F /* Resources */,
			);
			buildRules = (
			);
			dependencies = (
			);
			name = CoreImageTest;
			productName = CoreImageTest;
			productReference = 779E367D183B0CC6000A603F /* CoreImageTest.app */;
			productType = "com.apple.product-type.application";
		};
		779E3697183B0CC7000A603F /* CoreImageTestTests */ = {
			isa = PBXNativeTarget;
			buildConfigurationList = 779E36AC183B0CC7000A603F /* Build configuration list for PBXNativeTarget "CoreImageTestTests" */;
			buildPhases = (
				779E3694183B0CC7000A603F /* Sources */,
				779E3695183B0CC7000A603F /* Frameworks */,
				779E3696183B0CC7000A603F /* Resources */,
			);
			buildRules = (
			);
			dependencies = (
				779E369E183B0CC7000A603F /* PBXTargetDependency */,
			);
			name = CoreImageTestTests;
			productName = CoreImageTestTests;
			productReference = 779E3698183B0CC7000A603F /* CoreImageTestTests.xctest */;
			productType = "com.apple.product-type.bundle.unit-test";
		};
/* End PBXNativeTarget section */

/* Begin PBXProject section */
		779E3675183B0CC6000A603F /* Project object */ = {
			isa = PBXProject;
			attributes = {
				LastUpgradeCheck = 0500;
				ORGANIZATIONNAME = "kiki Huang";
				TargetAttributes = {
					779E367C183B0CC6000A603F = {
						DevelopmentTeam = YSP4PBHGY9;
						SystemCapabilities = {
							com.apple.BackgroundModes = {
								enabled = 0;
							};
						};
					};
					779E3697183B0CC7000A603F = {
						TestTargetID = 779E367C183B0CC6000A603F;
					};
				};
			};
			buildConfigurationList = 779E3678183B0CC6000A603F /* Build configuration list for PBXProject "CoreImageTest" */;
			compatibilityVersion = "Xcode 3.2";
			developmentRegion = English;
			hasScannedForEncodings = 0;
			knownRegions = (
				en,
			);
			mainGroup = 779E3674183B0CC6000A603F;
			productRefGroup = 779E367E183B0CC6000A603F /* Products */;
			projectDirPath = "";
			projectRoot = "";
			targets = (
				779E367C183B0CC6000A603F /* CoreImageTest */,
				779E3697183B0CC7000A603F /* CoreImageTestTests */,
			);
		};
/* End PBXProject section */

/* Begin PBXResourcesBuildPhase section */
		779E367B183B0CC6000A603F /* Resources */ = {
			isa = PBXResourcesBuildPhase;
			buildActionMask = 2147483647;
			files = (
				77B468EA18A9C77D007836A2 /* iphone_title_mailtomayor.png in Resources */,
				77B468E818A9C77D007836A2 /* iphone_title_mail.png in Resources */,
				779CEA0B183E00080012F083 /* FilterswithParametersViewController.xib in Resources */,
				77B468F218A9C77D007836A2 /* iphone_title_rule.png in Resources */,
				77B223CA183CC31A00FB49B1 /* Scarlett Johansson.jpg in Resources */,
				77B223CC183CC7A600FB49B1 /* images1.jpeg in Resources */,
				779E368B183B0CC6000A603F /* InfoPlist.strings in Resources */,
				77B468C418A9C71B007836A2 /* iphone_icon_mail.png in Resources */,
				77B468C618A9C71B007836A2 /* iphone_icon_report.png in Resources */,
				77B468ED18A9C77D007836A2 /* iphone_title_parking_fee.png in Resources */,
				77B468F418A9C77D007836A2 /* iphone_title_towaway.png in Resources */,
				77B468C218A9C71B007836A2 /* iphone_icon_disaster.png in Resources */,
				77B468EE18A9C77D007836A2 /* iphone_title_parkinginfo.png in Resources */,
				77B468EF18A9C77D007836A2 /* iphone_title_personalsetting.png in Resources */,
				77B468C118A9C71B007836A2 /* iphone-main_icon_traffic.png in Resources */,
				77B468C718A9C71B007836A2 /* iphone_icon_towaway.png in Resources */,
				77B468F518A9C77D007836A2 /* iphone_title_towed.png in Resources */,
				77B468BC18A9C71B007836A2 /* iphone-main_icon_1999.png in Resources */,
				77B468E618A9C77D007836A2 /* iphone_title_disaster.png in Resources */,
				77B468E518A9C77D007836A2 /* iphone_title_camera.png in Resources */,
				77B468CA18A9C71B007836A2 /* main_icon_camera.png in Resources */,
				77ED9D20183B46F1003BAAB5 /* ian1.png in Resources */,
				77B468C518A9C71B007836A2 /* iphone_icon_news.png in Resources */,
				77B468A618A9B893007836A2 /* BottomBarView_iPhone.xib in Resources */,
				77B468C318A9C71B007836A2 /* iphone_icon_faq.png in Resources */,
				77B468F618A9C77D007836A2 /* iphone_title_workingreport.png in Resources */,
				779E36B3183B0D1F000A603F /* ViewController.xib in Resources */,
				77B468E318A9C77D007836A2 /* iphone_icon_back.png in Resources */,
				77B468E718A9C77D007836A2 /* iphone_title_faq.png in Resources */,
				77B223BE183C693A00FB49B1 /* images.jpeg in Resources */,
				77B468C018A9C71B007836A2 /* iphone-main_icon_setting.png in Resources */,
				77B468EB18A9C77D007836A2 /* iphone_title_map.png in Resources */,
				77B468CC18A9C71B007836A2 /* main_icon_setting.png in Resources */,
				77B468E418A9C77D007836A2 /* iphone_icon_menu.png in Resources */,
				77B468CB18A9C71B007836A2 /* main_icon_map.png in Resources */,
				77B468BF18A9C71B007836A2 /* iphone-main_icon_map.png in Resources */,
				77B468BE18A9C71B007836A2 /* iphone-main_icon_event.png in Resources */,
				779E3693183B0CC7000A603F /* Images.xcassets in Resources */,
				77B223C1183C7FC000FB49B1 /* RedEye.jpg in Resources */,
				77B468A818A9B893007836A2 /* FakeNavigationBar_iPad.xib in Resources */,
				77B468E918A9C77D007836A2 /* iphone_title_mailreply.png in Resources */,
				779E36BD183B17E2000A603F /* steves.jpg in Resources */,
				77B468F718A9C77D007836A2 /* iphone_top_bar.png in Resources */,
				77B468C818A9C71B007836A2 /* main_bottombar.png in Resources */,
				77B468C918A9C71B007836A2 /* main_icon_1999.png in Resources */,
				77B468F018A9C77D007836A2 /* iphone_title_privacypolicy.png in Resources */,
				77B468A918A9B893007836A2 /* FakeNavigationBar_iPhone.xib in Resources */,
				77B468EC18A9C77D007836A2 /* iphone_title_news.png in Resources */,
				77B468F318A9C77D007836A2 /* iphone_title_setting.png in Resources */,
				77B468F118A9C77D007836A2 /* iphone_title_report.png in Resources */,
				77B223C8183C8EC100FB49B1 /* QueringFiltersViewController.xib in Resources */,
				77B468BD18A9C71B007836A2 /* iphone-main_icon_camera.png in Resources */,
				77ED9D2A183B64DB003BAAB5 /* AutoFiltersViewController.xib in Resources */,
			);
			runOnlyForDeploymentPostprocessing = 0;
		};
		779E3696183B0CC7000A603F /* Resources */ = {
			isa = PBXResourcesBuildPhase;
			buildActionMask = 2147483647;
			files = (
				779E36A4183B0CC7000A603F /* InfoPlist.strings in Resources */,
			);
			runOnlyForDeploymentPostprocessing = 0;
		};
/* End PBXResourcesBuildPhase section */

/* Begin PBXSourcesBuildPhase section */
		779E3679183B0CC6000A603F /* Sources */ = {
			isa = PBXSourcesBuildPhase;
			buildActionMask = 2147483647;
			files = (
				779CEA0A183E00080012F083 /* FilterswithParametersViewController.m in Sources */,
				779E36B2183B0D1F000A603F /* ViewController.m in Sources */,
				77B468A518A9B893007836A2 /* BottomBarView.m in Sources */,
				77ED9D29183B64DB003BAAB5 /* AutoFiltersViewController.m in Sources */,
				77B468A718A9B893007836A2 /* FakeNavigationBar.m in Sources */,
				779E36B7183B10A0000A603F /* FaceDetectionViewController.m in Sources */,
				77B223C7183C8EC100FB49B1 /* QueringFiltersViewController.m in Sources */,
				779E3691183B0CC6000A603F /* AppDelegate.m in Sources */,
				779E368D183B0CC6000A603F /* main.m in Sources */,
				77B223BB183C492F00FB49B1 /* ImageFilters.m in Sources */,
			);
			runOnlyForDeploymentPostprocessing = 0;
		};
		779E3694183B0CC7000A603F /* Sources */ = {
			isa = PBXSourcesBuildPhase;
			buildActionMask = 2147483647;
			files = (
				779E36A6183B0CC7000A603F /* CoreImageTestTests.m in Sources */,
			);
			runOnlyForDeploymentPostprocessing = 0;
		};
/* End PBXSourcesBuildPhase section */

/* Begin PBXTargetDependency section */
		779E369E183B0CC7000A603F /* PBXTargetDependency */ = {
			isa = PBXTargetDependency;
			target = 779E367C183B0CC6000A603F /* CoreImageTest */;
			targetProxy = 779E369D183B0CC7000A603F /* PBXContainerItemProxy */;
		};
/* End PBXTargetDependency section */

/* Begin PBXVariantGroup section */
		779E3689183B0CC6000A603F /* InfoPlist.strings */ = {
			isa = PBXVariantGroup;
			children = (
				779E368A183B0CC6000A603F /* en */,
			);
			name = InfoPlist.strings;
			sourceTree = "<group>";
		};
		779E36A2183B0CC7000A603F /* InfoPlist.strings */ = {
			isa = PBXVariantGroup;
			children = (
				779E36A3183B0CC7000A603F /* en */,
			);
			name = InfoPlist.strings;
			sourceTree = "<group>";
		};
/* End PBXVariantGroup section */

/* Begin XCBuildConfiguration section */
		779E36A7183B0CC7000A603F /* Debug */ = {
			isa = XCBuildConfiguration;
			buildSettings = {
				ALWAYS_SEARCH_USER_PATHS = NO;
				ARCHS = "$(ARCHS_STANDARD_INCLUDING_64_BIT)";
				CLANG_CXX_LANGUAGE_STANDARD = "gnu++0x";
				CLANG_CXX_LIBRARY = "libc++";
				CLANG_ENABLE_MODULES = YES;
				CLANG_ENABLE_OBJC_ARC = YES;
				CLANG_WARN_BOOL_CONVERSION = YES;
				CLANG_WARN_CONSTANT_CONVERSION = YES;
				CLANG_WARN_DIRECT_OBJC_ISA_USAGE = YES_ERROR;
				CLANG_WARN_EMPTY_BODY = YES;
				CLANG_WARN_ENUM_CONVERSION = YES;
				CLANG_WARN_INT_CONVERSION = YES;
				CLANG_WARN_OBJC_ROOT_CLASS = YES_ERROR;
				CLANG_WARN__DUPLICATE_METHOD_MATCH = YES;
				"CODE_SIGN_IDENTITY[sdk=iphoneos*]" = "iPhone Developer: Teng-Hsuan Cheng (45KV66VJH8)";
				COPY_PHASE_STRIP = NO;
				GCC_C_LANGUAGE_STANDARD = gnu99;
				GCC_DYNAMIC_NO_PIC = NO;
				GCC_OPTIMIZATION_LEVEL = 0;
				GCC_PREPROCESSOR_DEFINITIONS = (
					"DEBUG=1",
					"$(inherited)",
				);
				GCC_SYMBOLS_PRIVATE_EXTERN = NO;
				GCC_WARN_64_TO_32_BIT_CONVERSION = YES;
				GCC_WARN_ABOUT_RETURN_TYPE = YES_ERROR;
				GCC_WARN_UNDECLARED_SELECTOR = YES;
				GCC_WARN_UNINITIALIZED_AUTOS = YES;
				GCC_WARN_UNUSED_FUNCTION = YES;
				GCC_WARN_UNUSED_VARIABLE = YES;
				IPHONEOS_DEPLOYMENT_TARGET = 7.0;
				ONLY_ACTIVE_ARCH = YES;
				PROVISIONING_PROFILE = "BB68A16F-9339-488B-8659-D08CA33C655F";
				SDKROOT = iphoneos;
			};
			name = Debug;
		};
		779E36A8183B0CC7000A603F /* Release */ = {
			isa = XCBuildConfiguration;
			buildSettings = {
				ALWAYS_SEARCH_USER_PATHS = NO;
				ARCHS = "$(ARCHS_STANDARD_INCLUDING_64_BIT)";
				CLANG_CXX_LANGUAGE_STANDARD = "gnu++0x";
				CLANG_CXX_LIBRARY = "libc++";
				CLANG_ENABLE_MODULES = YES;
				CLANG_ENABLE_OBJC_ARC = YES;
				CLANG_WARN_BOOL_CONVERSION = YES;
				CLANG_WARN_CONSTANT_CONVERSION = YES;
				CLANG_WARN_DIRECT_OBJC_ISA_USAGE = YES_ERROR;
				CLANG_WARN_EMPTY_BODY = YES;
				CLANG_WARN_ENUM_CONVERSION = YES;
				CLANG_WARN_INT_CONVERSION = YES;
				CLANG_WARN_OBJC_ROOT_CLASS = YES_ERROR;
				CLANG_WARN__DUPLICATE_METHOD_MATCH = YES;
				"CODE_SIGN_IDENTITY[sdk=iphoneos*]" = "iPhone Developer: Teng-Hsuan Cheng (45KV66VJH8)";
				COPY_PHASE_STRIP = YES;
				ENABLE_NS_ASSERTIONS = NO;
				GCC_C_LANGUAGE_STANDARD = gnu99;
				GCC_WARN_64_TO_32_BIT_CONVERSION = YES;
				GCC_WARN_ABOUT_RETURN_TYPE = YES_ERROR;
				GCC_WARN_UNDECLARED_SELECTOR = YES;
				GCC_WARN_UNINITIALIZED_AUTOS = YES;
				GCC_WARN_UNUSED_FUNCTION = YES;
				GCC_WARN_UNUSED_VARIABLE = YES;
				IPHONEOS_DEPLOYMENT_TARGET = 7.0;
				PROVISIONING_PROFILE = "BB68A16F-9339-488B-8659-D08CA33C655F";
				SDKROOT = iphoneos;
				VALIDATE_PRODUCT = YES;
			};
			name = Release;
		};
		779E36AA183B0CC7000A603F /* Debug */ = {
			isa = XCBuildConfiguration;
			buildSettings = {
				ASSETCATALOG_COMPILER_APPICON_NAME = AppIcon;
				ASSETCATALOG_COMPILER_LAUNCHIMAGE_NAME = LaunchImage;
				CODE_SIGN_IDENTITY = "iPhone Developer: Teng-Hsuan Cheng (45KV66VJH8)";
				GCC_PRECOMPILE_PREFIX_HEADER = YES;
				GCC_PREFIX_HEADER = "CoreImageTest/CoreImageTest-Prefix.pch";
				INFOPLIST_FILE = "CoreImageTest/CoreImageTest-Info.plist";
				IPHONEOS_DEPLOYMENT_TARGET = 6.1;
				PRODUCT_NAME = "$(TARGET_NAME)";
				PROVISIONING_PROFILE = "";
				SDKROOT = iphoneos7.0;
				WRAPPER_EXTENSION = app;
			};
			name = Debug;
		};
		779E36AB183B0CC7000A603F /* Release */ = {
			isa = XCBuildConfiguration;
			buildSettings = {
				ASSETCATALOG_COMPILER_APPICON_NAME = AppIcon;
				ASSETCATALOG_COMPILER_LAUNCHIMAGE_NAME = LaunchImage;
				CODE_SIGN_IDENTITY = "iPhone Developer: Teng-Hsuan Cheng (45KV66VJH8)";
				GCC_PRECOMPILE_PREFIX_HEADER = YES;
				GCC_PREFIX_HEADER = "CoreImageTest/CoreImageTest-Prefix.pch";
				INFOPLIST_FILE = "CoreImageTest/CoreImageTest-Info.plist";
				IPHONEOS_DEPLOYMENT_TARGET = 6.1;
				PRODUCT_NAME = "$(TARGET_NAME)";
				PROVISIONING_PROFILE = "";
				SDKROOT = iphoneos7.0;
				WRAPPER_EXTENSION = app;
			};
			name = Release;
		};
		779E36AD183B0CC7000A603F /* Debug */ = {
			isa = XCBuildConfiguration;
			buildSettings = {
				ARCHS = "$(ARCHS_STANDARD_INCLUDING_64_BIT)";
				BUNDLE_LOADER = "$(BUILT_PRODUCTS_DIR)/CoreImageTest.app/CoreImageTest";
				FRAMEWORK_SEARCH_PATHS = (
					"$(SDKROOT)/Developer/Library/Frameworks",
					"$(inherited)",
					"$(DEVELOPER_FRAMEWORKS_DIR)",
				);
				GCC_PRECOMPILE_PREFIX_HEADER = YES;
				GCC_PREFIX_HEADER = "CoreImageTest/CoreImageTest-Prefix.pch";
				GCC_PREPROCESSOR_DEFINITIONS = (
					"DEBUG=1",
					"$(inherited)",
				);
				INFOPLIST_FILE = "CoreImageTestTests/CoreImageTestTests-Info.plist";
				PRODUCT_NAME = "$(TARGET_NAME)";
				TEST_HOST = "$(BUNDLE_LOADER)";
				WRAPPER_EXTENSION = xctest;
			};
			name = Debug;
		};
		779E36AE183B0CC7000A603F /* Release */ = {
			isa = XCBuildConfiguration;
			buildSettings = {
				ARCHS = "$(ARCHS_STANDARD_INCLUDING_64_BIT)";
				BUNDLE_LOADER = "$(BUILT_PRODUCTS_DIR)/CoreImageTest.app/CoreImageTest";
				FRAMEWORK_SEARCH_PATHS = (
					"$(SDKROOT)/Developer/Library/Frameworks",
					"$(inherited)",
					"$(DEVELOPER_FRAMEWORKS_DIR)",
				);
				GCC_PRECOMPILE_PREFIX_HEADER = YES;
				GCC_PREFIX_HEADER = "CoreImageTest/CoreImageTest-Prefix.pch";
				INFOPLIST_FILE = "CoreImageTestTests/CoreImageTestTests-Info.plist";
				PRODUCT_NAME = "$(TARGET_NAME)";
				TEST_HOST = "$(BUNDLE_LOADER)";
				WRAPPER_EXTENSION = xctest;
			};
			name = Release;
		};
/* End XCBuildConfiguration section */

/* Begin XCConfigurationList section */
		779E3678183B0CC6000A603F /* Build configuration list for PBXProject "CoreImageTest" */ = {
			isa = XCConfigurationList;
			buildConfigurations = (
				779E36A7183B0CC7000A603F /* Debug */,
				779E36A8183B0CC7000A603F /* Release */,
			);
			defaultConfigurationIsVisible = 0;
			defaultConfigurationName = Release;
		};
		779E36A9183B0CC7000A603F /* Build configuration list for PBXNativeTarget "CoreImageTest" */ = {
			isa = XCConfigurationList;
			buildConfigurations = (
				779E36AA183B0CC7000A603F /* Debug */,
				779E36AB183B0CC7000A603F /* Release */,
			);
			defaultConfigurationIsVisible = 0;
			defaultConfigurationName = Release;
		};
		779E36AC183B0CC7000A603F /* Build configuration list for PBXNativeTarget "CoreImageTestTests" */ = {
			isa = XCConfigurationList;
			buildConfigurations = (
				779E36AD183B0CC7000A603F /* Debug */,
				779E36AE183B0CC7000A603F /* Release */,
			);
			defaultConfigurationIsVisible = 0;
			defaultConfigurationName = Release;
		};
/* End XCConfigurationList section */
	};
	rootObject = 779E3675183B0CC6000A603F /* Project object */;
}
